
Microsoft Visual Studio Solution File, Format Version 12.00
# Visual Studio 15
VisualStudioVersion = 15.0.28306.52
MinimumVisualStudioVersion = 10.0.40219.1
Project("{E24C65DC-7377-472B-9ABA-BC803B73C61A}") = "Code-LiveMeeting", "..\Code-LiveMeeting", "{17E11B38-9596-472E-9978-92A17C75025D}"
	ProjectSection(WebsiteProperties) = preProject
		TargetFrameworkMoniker = ".NETFramework,Version%3Dv3.5"
		Debug.AspNetCompiler.VirtualPath = "/localhost_52518"
		Debug.AspNetCompiler.PhysicalPath = "..\Code-LiveMeeting\"
		Debug.AspNetCompiler.TargetPath = "PrecompiledWeb\localhost_52518\"
		Debug.AspNetCompiler.Updateable = "true"
		Debug.AspNetCompiler.ForceOverwrite = "true"
		Debug.AspNetCompiler.FixedNames = "false"
		Debug.AspNetCompiler.Debug = "True"
		Release.AspNetCompiler.VirtualPath = "/localhost_52518"
		Release.AspNetCompiler.PhysicalPath = "..\Code-LiveMeeting\"
		Release.AspNetCompiler.TargetPath = "PrecompiledWeb\localhost_52518\"
		Release.AspNetCompiler.Updateable = "true"
		Release.AspNetCompiler.ForceOverwrite = "true"
		Release.AspNetCompiler.FixedNames = "false"
		Release.AspNetCompiler.Debug = "False"
		VWDPort = "52518"
		SlnRelativePath = "..\Code-LiveMeeting\"
	EndProjectSection
EndProject
Global
	GlobalSection(SolutionConfigurationPlatforms) = preSolution
		Debug|Any CPU = Debug|Any CPU
	EndGlobalSection
	GlobalSection(ProjectConfigurationPlatforms) = postSolution
		{17E11B38-9596-472E-9978-92A17C75025D}.Debug|Any CPU.ActiveCfg = Debug|Any CPU
		{17E11B38-9596-472E-9978-92A17C75025D}.Debug|Any CPU.Build.0 = Debug|Any CPU
	EndGlobalSection
	GlobalSection(SolutionProperties) = preSolution
		HideSolutionNode = FALSE
	EndGlobalSection
	GlobalSection(ExtensibilityGlobals) = postSolution
		SolutionGuid = {002F996B-343E-477B-9DE9-89E2B0E06561}
	EndGlobalSection
EndGlobal
